
Microsoft Visual Studio Solution File, Format Version 12.00
# Visual Studio Version 17
VisualStudioVersion = 17.12.35527.113
MinimumVisualStudioVersion = 10.0.40219.1
Project("{FAE04EC0-301F-11D3-BF4B-00C04F79EFBC}") = "WPFApp", "WPFApp\WPFApp.csproj", "{3A931332-5B37-463C-A597-E2CB9EB82995}"
EndProject
Project("{FAE04EC0-301F-11D3-BF4B-00C04F79EFBC}") = "Library", "Library\Library.csproj", "{780DD413-4CD5-406C-B2F7-C9C49721D9E9}"
EndProject
Project("{FAE04EC0-301F-11D3-BF4B-00C04F79EFBC}") = "ModalControl", "ModalControl\ModalControl.csproj", "{CC9489C8-A19E-4470-A826-9E62C8AC3FAC}"
EndProject
Global
	GlobalSection(SolutionConfigurationPlatforms) = preSolution
		Debug|Any CPU = Debug|Any CPU
		Release|Any CPU = Release|Any CPU
	EndGlobalSection
	GlobalSection(ProjectConfigurationPlatforms) = postSolution
		{3A931332-5B37-463C-A597-E2CB9EB82995}.Debug|Any CPU.ActiveCfg = Debug|Any CPU
		{3A931332-5B37-463C-A597-E2CB9EB82995}.Debug|Any CPU.Build.0 = Debug|Any CPU
		{3A931332-5B37-463C-A597-E2CB9EB82995}.Release|Any CPU.ActiveCfg = Release|Any CPU
		{3A931332-5B37-463C-A597-E2CB9EB82995}.Release|Any CPU.Build.0 = Release|Any CPU
		{780DD413-4CD5-406C-B2F7-C9C49721D9E9}.Debug|Any CPU.ActiveCfg = Debug|Any CPU
		{780DD413-4CD5-406C-B2F7-C9C49721D9E9}.Debug|Any CPU.Build.0 = Debug|Any CPU
		{780DD413-4CD5-406C-B2F7-C9C49721D9E9}.Release|Any CPU.ActiveCfg = Release|Any CPU
		{780DD413-4CD5-406C-B2F7-C9C49721D9E9}.Release|Any CPU.Build.0 = Release|Any CPU
		{CC9489C8-A19E-4470-A826-9E62C8AC3FAC}.Debug|Any CPU.ActiveCfg = Debug|Any CPU
		{CC9489C8-A19E-4470-A826-9E62C8AC3FAC}.Debug|Any CPU.Build.0 = Debug|Any CPU
		{CC9489C8-A19E-4470-A826-9E62C8AC3FAC}.Release|Any CPU.ActiveCfg = Release|Any CPU
		{CC9489C8-A19E-4470-A826-9E62C8AC3FAC}.Release|Any CPU.Build.0 = Release|Any CPU
	EndGlobalSection
	GlobalSection(SolutionProperties) = preSolution
		HideSolutionNode = FALSE
	EndGlobalSection
EndGlobal
